// !$*UTF8*$!
{
	archiveVersion = 1;
	classes = {
	};
	objectVersion = 46;
	objects = {

/* Begin PBXBuildFile section */
		362B32D819ACC62200EEA193 /* Foundation.framework in Frameworks */ = {isa = PBXBuildFile; fileRef = 362B32D719ACC62200EEA193 /* Foundation.framework */; };
		362B32DA19ACC62200EEA193 /* CoreGraphics.framework in Frameworks */ = {isa = PBXBuildFile; fileRef = 362B32D919ACC62200EEA193 /* CoreGraphics.framework */; };
		362B32DC19ACC62200EEA193 /* UIKit.framework in Frameworks */ = {isa = PBXBuildFile; fileRef = 362B32DB19ACC62200EEA193 /* UIKit.framework */; };
		362B32E219ACC62200EEA193 /* InfoPlist.strings in Resources */ = {isa = PBXBuildFile; fileRef = 362B32E019ACC62200EEA193 /* InfoPlist.strings */; };
		362B32E419ACC62200EEA193 /* main.m in Sources */ = {isa = PBXBuildFile; fileRef = 362B32E319ACC62200EEA193 /* main.m */; };
		362B32E819ACC62200EEA193 /* AppDelegate.m in Sources */ = {isa = PBXBuildFile; fileRef = 362B32E719ACC62200EEA193 /* AppDelegate.m */; };
		362B32F119ACC62200EEA193 /* ViewController.m in Sources */ = {isa = PBXBuildFile; fileRef = 362B32F019ACC62200EEA193 /* ViewController.m */; };
		362B32F319ACC62200EEA193 /* Images.xcassets in Resources */ = {isa = PBXBuildFile; fileRef = 362B32F219ACC62200EEA193 /* Images.xcassets */; };
		362B32FA19ACC62200EEA193 /* XCTest.framework in Frameworks */ = {isa = PBXBuildFile; fileRef = 362B32F919ACC62200EEA193 /* XCTest.framework */; };
		362B32FB19ACC62200EEA193 /* Foundation.framework in Frameworks */ = {isa = PBXBuildFile; fileRef = 362B32D719ACC62200EEA193 /* Foundation.framework */; };
		362B32FC19ACC62200EEA193 /* UIKit.framework in Frameworks */ = {isa = PBXBuildFile; fileRef = 362B32DB19ACC62200EEA193 /* UIKit.framework */; };
		362B330419ACC62200EEA193 /* InfoPlist.strings in Resources */ = {isa = PBXBuildFile; fileRef = 362B330219ACC62200EEA193 /* InfoPlist.strings */; };
		362B330619ACC62200EEA193 /* SheepTests.m in Sources */ = {isa = PBXBuildFile; fileRef = 362B330519ACC62200EEA193 /* SheepTests.m */; };
		362B331019ACC64400EEA193 /* SpriteKit.framework in Frameworks */ = {isa = PBXBuildFile; fileRef = 362B330F19ACC64400EEA193 /* SpriteKit.framework */; };
		362B331319ACC7AE00EEA193 /* GameView.m in Sources */ = {isa = PBXBuildFile; fileRef = 362B331219ACC7AE00EEA193 /* GameView.m */; };
		362B331419ACC7AE00EEA193 /* GameView.m in Sources */ = {isa = PBXBuildFile; fileRef = 362B331219ACC7AE00EEA193 /* GameView.m */; };
		362B331719ACCCC200EEA193 /* GameScene.m in Sources */ = {isa = PBXBuildFile; fileRef = 362B331619ACCCC200EEA193 /* GameScene.m */; };
		362B331819ACCCC200EEA193 /* GameScene.m in Sources */ = {isa = PBXBuildFile; fileRef = 362B331619ACCCC200EEA193 /* GameScene.m */; };
		36C7E2E019AF5876001D18D8 /* GameOverScene.m in Sources */ = {isa = PBXBuildFile; fileRef = 36C7E2DF19AF5876001D18D8 /* GameOverScene.m */; };
		36C7E2E119AF5876001D18D8 /* GameOverScene.m in Sources */ = {isa = PBXBuildFile; fileRef = 36C7E2DF19AF5876001D18D8 /* GameOverScene.m */; };
/* End PBXBuildFile section */

/* Begin PBXContainerItemProxy section */
		362B32FD19ACC62200EEA193 /* PBXContainerItemProxy */ = {
			isa = PBXContainerItemProxy;
			containerPortal = 362B32CC19ACC62100EEA193 /* Project object */;
			proxyType = 1;
			remoteGlobalIDString = 362B32D319ACC62100EEA193;
			remoteInfo = Sheep;
		};
/* End PBXContainerItemProxy section */

/* Begin PBXFileReference section */
		362B32D419ACC62200EEA193 /* SleepySheepy.app */ = {isa = PBXFileReference; explicitFileType = wrapper.application; includeInIndex = 0; path = SleepySheepy.app; sourceTree = BUILT_PRODUCTS_DIR; };
		362B32D719ACC62200EEA193 /* Foundation.framework */ = {isa = PBXFileReference; lastKnownFileType = wrapper.framework; name = Foundation.framework; path = System/Library/Frameworks/Foundation.framework; sourceTree = SDKROOT; };
		362B32D919ACC62200EEA193 /* CoreGraphics.framework */ = {isa = PBXFileReference; lastKnownFileType = wrapper.framework; name = CoreGraphics.framework; path = System/Library/Frameworks/CoreGraphics.framework; sourceTree = SDKROOT; };
		362B32DB19ACC62200EEA193 /* UIKit.framework */ = {isa = PBXFileReference; lastKnownFileType = wrapper.framework; name = UIKit.framework; path = System/Library/Frameworks/UIKit.framework; sourceTree = SDKROOT; };
		362B32DF19ACC62200EEA193 /* SleepySheepy-Info.plist */ = {isa = PBXFileReference; lastKnownFileType = text.plist.xml; path = "SleepySheepy-Info.plist"; sourceTree = "<group>"; };
		362B32E119ACC62200EEA193 /* en */ = {isa = PBXFileReference; lastKnownFileType = text.plist.strings; name = en; path = en.lproj/InfoPlist.strings; sourceTree = "<group>"; };
		362B32E319ACC62200EEA193 /* main.m */ = {isa = PBXFileReference; lastKnownFileType = sourcecode.c.objc; path = main.m; sourceTree = "<group>"; };
		362B32E519ACC62200EEA193 /* SleepySheepy-Prefix.pch */ = {isa = PBXFileReference; lastKnownFileType = sourcecode.c.h; path = "SleepySheepy-Prefix.pch"; sourceTree = "<group>"; };
		362B32E619ACC62200EEA193 /* AppDelegate.h */ = {isa = PBXFileReference; lastKnownFileType = sourcecode.c.h; path = AppDelegate.h; sourceTree = "<group>"; };
		362B32E719ACC62200EEA193 /* AppDelegate.m */ = {isa = PBXFileReference; lastKnownFileType = sourcecode.c.objc; path = AppDelegate.m; sourceTree = "<group>"; };
		362B32EF19ACC62200EEA193 /* ViewController.h */ = {isa = PBXFileReference; lastKnownFileType = sourcecode.c.h; path = ViewController.h; sourceTree = "<group>"; };
		362B32F019ACC62200EEA193 /* ViewController.m */ = {isa = PBXFileReference; lastKnownFileType = sourcecode.c.objc; path = ViewController.m; sourceTree = "<group>"; };
		362B32F219ACC62200EEA193 /* Images.xcassets */ = {isa = PBXFileReference; lastKnownFileType = folder.assetcatalog; path = Images.xcassets; sourceTree = "<group>"; };
		362B32F819ACC62200EEA193 /* SleepySheepyTests.xctest */ = {isa = PBXFileReference; explicitFileType = wrapper.cfbundle; includeInIndex = 0; path = SleepySheepyTests.xctest; sourceTree = BUILT_PRODUCTS_DIR; };
		362B32F919ACC62200EEA193 /* XCTest.framework */ = {isa = PBXFileReference; lastKnownFileType = wrapper.framework; name = XCTest.framework; path = Library/Frameworks/XCTest.framework; sourceTree = DEVELOPER_DIR; };
		362B330119ACC62200EEA193 /* SleepySheepyTests-Info.plist */ = {isa = PBXFileReference; lastKnownFileType = text.plist.xml; path = "SleepySheepyTests-Info.plist"; sourceTree = "<group>"; };
		362B330319ACC62200EEA193 /* en */ = {isa = PBXFileReference; lastKnownFileType = text.plist.strings; name = en; path = en.lproj/InfoPlist.strings; sourceTree = "<group>"; };
		362B330519ACC62200EEA193 /* SheepTests.m */ = {isa = PBXFileReference; lastKnownFileType = sourcecode.c.objc; path = SheepTests.m; sourceTree = "<group>"; };
		362B330F19ACC64400EEA193 /* SpriteKit.framework */ = {isa = PBXFileReference; lastKnownFileType = wrapper.framework; name = SpriteKit.framework; path = System/Library/Frameworks/SpriteKit.framework; sourceTree = SDKROOT; };
		362B331119ACC7AE00EEA193 /* GameView.h */ = {isa = PBXFileReference; fileEncoding = 4; lastKnownFileType = sourcecode.c.h; path = GameView.h; sourceTree = "<group>"; };
		362B331219ACC7AE00EEA193 /* GameView.m */ = {isa = PBXFileReference; fileEncoding = 4; lastKnownFileType = sourcecode.c.objc; path = GameView.m; sourceTree = "<group>"; };
		362B331519ACCCC200EEA193 /* GameScene.h */ = {isa = PBXFileReference; fileEncoding = 4; lastKnownFileType = sourcecode.c.h; path = GameScene.h; sourceTree = "<group>"; };
		362B331619ACCCC200EEA193 /* GameScene.m */ = {isa = PBXFileReference; fileEncoding = 4; lastKnownFileType = sourcecode.c.objc; path = GameScene.m; sourceTree = "<group>"; };
		36C7E2DE19AF5876001D18D8 /* GameOverScene.h */ = {isa = PBXFileReference; fileEncoding = 4; lastKnownFileType = sourcecode.c.h; path = GameOverScene.h; sourceTree = "<group>"; };
		36C7E2DF19AF5876001D18D8 /* GameOverScene.m */ = {isa = PBXFileReference; fileEncoding = 4; lastKnownFileType = sourcecode.c.objc; path = GameOverScene.m; sourceTree = "<group>"; };
/* End PBXFileReference section */

/* Begin PBXFrameworksBuildPhase section */
		362B32D119ACC62100EEA193 /* Frameworks */ = {
			isa = PBXFrameworksBuildPhase;
			buildActionMask = 2147483647;
			files = (
				362B331019ACC64400EEA193 /* SpriteKit.framework in Frameworks */,
				362B32DA19ACC62200EEA193 /* CoreGraphics.framework in Frameworks */,
				362B32DC19ACC62200EEA193 /* UIKit.framework in Frameworks */,
				362B32D819ACC62200EEA193 /* Foundation.framework in Frameworks */,
			);
			runOnlyForDeploymentPostprocessing = 0;
		};
		362B32F519ACC62200EEA193 /* Frameworks */ = {
			isa = PBXFrameworksBuildPhase;
			buildActionMask = 2147483647;
			files = (
				362B32FA19ACC62200EEA193 /* XCTest.framework in Frameworks */,
				362B32FC19ACC62200EEA193 /* UIKit.framework in Frameworks */,
				362B32FB19ACC62200EEA193 /* Foundation.framework in Frameworks */,
			);
			runOnlyForDeploymentPostprocessing = 0;
		};
/* End PBXFrameworksBuildPhase section */

/* Begin PBXGroup section */
		362B32CB19ACC62100EEA193 = {
			isa = PBXGroup;
			children = (
				362B32DD19ACC62200EEA193 /* Sheep */,
				362B32FF19ACC62200EEA193 /* SheepTests */,
				362B32D619ACC62200EEA193 /* Frameworks */,
				362B32D519ACC62200EEA193 /* Products */,
			);
			sourceTree = "<group>";
		};
		362B32D519ACC62200EEA193 /* Products */ = {
			isa = PBXGroup;
			children = (
				362B32D419ACC62200EEA193 /* SleepySheepy.app */,
				362B32F819ACC62200EEA193 /* SleepySheepyTests.xctest */,
			);
			name = Products;
			sourceTree = "<group>";
		};
		362B32D619ACC62200EEA193 /* Frameworks */ = {
			isa = PBXGroup;
			children = (
				362B330F19ACC64400EEA193 /* SpriteKit.framework */,
				362B32D719ACC62200EEA193 /* Foundation.framework */,
				362B32D919ACC62200EEA193 /* CoreGraphics.framework */,
				362B32DB19ACC62200EEA193 /* UIKit.framework */,
				362B32F919ACC62200EEA193 /* XCTest.framework */,
			);
			name = Frameworks;
			sourceTree = "<group>";
		};
		362B32DD19ACC62200EEA193 /* Sheep */ = {
			isa = PBXGroup;
			children = (
				362B32E619ACC62200EEA193 /* AppDelegate.h */,
				362B32E719ACC62200EEA193 /* AppDelegate.m */,
				362B32EF19ACC62200EEA193 /* ViewController.h */,
				362B32F019ACC62200EEA193 /* ViewController.m */,
				362B32F219ACC62200EEA193 /* Images.xcassets */,
				362B32DE19ACC62200EEA193 /* Supporting Files */,
				362B331119ACC7AE00EEA193 /* GameView.h */,
				362B331219ACC7AE00EEA193 /* GameView.m */,
				362B331519ACCCC200EEA193 /* GameScene.h */,
				362B331619ACCCC200EEA193 /* GameScene.m */,
				36C7E2DE19AF5876001D18D8 /* GameOverScene.h */,
				36C7E2DF19AF5876001D18D8 /* GameOverScene.m */,
			);
			path = Sheep;
			sourceTree = "<group>";
		};
		362B32DE19ACC62200EEA193 /* Supporting Files */ = {
			isa = PBXGroup;
			children = (
				362B32DF19ACC62200EEA193 /* SleepySheepy-Info.plist */,
				362B32E019ACC62200EEA193 /* InfoPlist.strings */,
				362B32E319ACC62200EEA193 /* main.m */,
				362B32E519ACC62200EEA193 /* SleepySheepy-Prefix.pch */,
			);
			name = "Supporting Files";
			sourceTree = "<group>";
		};
		362B32FF19ACC62200EEA193 /* SheepTests */ = {
			isa = PBXGroup;
			children = (
				362B330519ACC62200EEA193 /* SheepTests.m */,
				362B330019ACC62200EEA193 /* Supporting Files */,
			);
			path = SheepTests;
			sourceTree = "<group>";
		};
		362B330019ACC62200EEA193 /* Supporting Files */ = {
			isa = PBXGroup;
			children = (
				362B330119ACC62200EEA193 /* SleepySheepyTests-Info.plist */,
				362B330219ACC62200EEA193 /* InfoPlist.strings */,
			);
			name = "Supporting Files";
			sourceTree = "<group>";
		};
/* End PBXGroup section */

/* Begin PBXNativeTarget section */
		362B32D319ACC62100EEA193 /* SleepySheepy */ = {
			isa = PBXNativeTarget;
			buildConfigurationList = 362B330919ACC62200EEA193 /* Build configuration list for PBXNativeTarget "SleepySheepy" */;
			buildPhases = (
				362B32D019ACC62100EEA193 /* Sources */,
				362B32D119ACC62100EEA193 /* Frameworks */,
				362B32D219ACC62100EEA193 /* Resources */,
			);
			buildRules = (
			);
			dependencies = (
			);
			name = SleepySheepy;
			productName = Sheep;
			productReference = 362B32D419ACC62200EEA193 /* SleepySheepy.app */;
			productType = "com.apple.product-type.application";
		};
		362B32F719ACC62200EEA193 /* SleepySheepyTests */ = {
			isa = PBXNativeTarget;
			buildConfigurationList = 362B330C19ACC62200EEA193 /* Build configuration list for PBXNativeTarget "SleepySheepyTests" */;
			buildPhases = (
				362B32F419ACC62200EEA193 /* Sources */,
				362B32F519ACC62200EEA193 /* Frameworks */,
				362B32F619ACC62200EEA193 /* Resources */,
			);
			buildRules = (
			);
			dependencies = (
				362B32FE19ACC62200EEA193 /* PBXTargetDependency */,
			);
			name = SleepySheepyTests;
			productName = SheepTests;
			productReference = 362B32F819ACC62200EEA193 /* SleepySheepyTests.xctest */;
			productType = "com.apple.product-type.bundle.unit-test";
		};
/* End PBXNativeTarget section */

/* Begin PBXProject section */
		362B32CC19ACC62100EEA193 /* Project object */ = {
			isa = PBXProject;
			attributes = {
				LastUpgradeCheck = 0510;
				ORGANIZATIONNAME = "Dmitry Alexandrovsky";
				TargetAttributes = {
					362B32F719ACC62200EEA193 = {
						TestTargetID = 362B32D319ACC62100EEA193;
					};
				};
			};
			buildConfigurationList = 362B32CF19ACC62100EEA193 /* Build configuration list for PBXProject "SleepySheepy" */;
			compatibilityVersion = "Xcode 3.2";
			developmentRegion = English;
			hasScannedForEncodings = 0;
			knownRegions = (
				en,
				Base,
			);
			mainGroup = 362B32CB19ACC62100EEA193;
			productRefGroup = 362B32D519ACC62200EEA193 /* Products */;
			projectDirPath = "";
			projectRoot = "";
			targets = (
				362B32D319ACC62100EEA193 /* SleepySheepy */,
				362B32F719ACC62200EEA193 /* SleepySheepyTests */,
			);
		};
/* End PBXProject section */

/* Begin PBXResourcesBuildPhase section */
		362B32D219ACC62100EEA193 /* Resources */ = {
			isa = PBXResourcesBuildPhase;
			buildActionMask = 2147483647;
			files = (
				362B32F319ACC62200EEA193 /* Images.xcassets in Resources */,
				362B32E219ACC62200EEA193 /* InfoPlist.strings in Resources */,
			);
			runOnlyForDeploymentPostprocessing = 0;
		};
		362B32F619ACC62200EEA193 /* Resources */ = {
			isa = PBXResourcesBuildPhase;
			buildActionMask = 2147483647;
			files = (
				362B330419ACC62200EEA193 /* InfoPlist.strings in Resources */,
			);
			runOnlyForDeploymentPostprocessing = 0;
		};
/* End PBXResourcesBuildPhase section */

/* Begin PBXSourcesBuildPhase section */
		362B32D019ACC62100EEA193 /* Sources */ = {
			isa = PBXSourcesBuildPhase;
			buildActionMask = 2147483647;
			files = (
				362B32F119ACC62200EEA193 /* ViewController.m in Sources */,
				362B32E819ACC62200EEA193 /* AppDelegate.m in Sources */,
				362B331719ACCCC200EEA193 /* GameScene.m in Sources */,
				362B331319ACC7AE00EEA193 /* GameView.m in Sources */,
				36C7E2E019AF5876001D18D8 /* GameOverScene.m in Sources */,
				362B32E419ACC62200EEA193 /* main.m in Sources */,
			);
			runOnlyForDeploymentPostprocessing = 0;
		};
		362B32F419ACC62200EEA193 /* Sources */ = {
			isa = PBXSourcesBuildPhase;
			buildActionMask = 2147483647;
			files = (
				362B331419ACC7AE00EEA193 /* GameView.m in Sources */,
				362B331819ACCCC200EEA193 /* GameScene.m in Sources */,
				36C7E2E119AF5876001D18D8 /* GameOverScene.m in Sources */,
				362B330619ACC62200EEA193 /* SheepTests.m in Sources */,
			);
			runOnlyForDeploymentPostprocessing = 0;
		};
/* End PBXSourcesBuildPhase section */

/* Begin PBXTargetDependency section */
		362B32FE19ACC62200EEA193 /* PBXTargetDependency */ = {
			isa = PBXTargetDependency;
			target = 362B32D319ACC62100EEA193 /* SleepySheepy */;
			targetProxy = 362B32FD19ACC62200EEA193 /* PBXContainerItemProxy */;
		};
/* End PBXTargetDependency section */

/* Begin PBXVariantGroup section */
		362B32E019ACC62200EEA193 /* InfoPlist.strings */ = {
			isa = PBXVariantGroup;
			children = (
				362B32E119ACC62200EEA193 /* en */,
			);
			name = InfoPlist.strings;
			sourceTree = "<group>";
		};
		362B330219ACC62200EEA193 /* InfoPlist.strings */ = {
			isa = PBXVariantGroup;
			children = (
				362B330319ACC62200EEA193 /* en */,
			);
			name = InfoPlist.strings;
			sourceTree = "<group>";
		};
/* End PBXVariantGroup section */

/* Begin XCBuildConfiguration section */
		362B330719ACC62200EEA193 /* Debug */ = {
			isa = XCBuildConfiguration;
			buildSettings = {
				ALWAYS_SEARCH_USER_PATHS = NO;
				CLANG_CXX_LANGUAGE_STANDARD = "gnu++0x";
				CLANG_CXX_LIBRARY = "libc++";
				CLANG_ENABLE_MODULES = YES;
				CLANG_ENABLE_OBJC_ARC = YES;
				CLANG_WARN_BOOL_CONVERSION = YES;
				CLANG_WARN_CONSTANT_CONVERSION = YES;
				CLANG_WARN_DIRECT_OBJC_ISA_USAGE = YES_ERROR;
				CLANG_WARN_EMPTY_BODY = YES;
				CLANG_WARN_ENUM_CONVERSION = YES;
				CLANG_WARN_INT_CONVERSION = YES;
				CLANG_WARN_OBJC_ROOT_CLASS = YES_ERROR;
				CLANG_WARN__DUPLICATE_METHOD_MATCH = YES;
				"CODE_SIGN_IDENTITY[sdk=iphoneos*]" = "iPhone Developer";
				COPY_PHASE_STRIP = NO;
				GCC_C_LANGUAGE_STANDARD = gnu99;
				GCC_DYNAMIC_NO_PIC = NO;
				GCC_OPTIMIZATION_LEVEL = 0;
				GCC_PREPROCESSOR_DEFINITIONS = (
					"DEBUG=1",
					"$(inherited)",
				);
				GCC_SYMBOLS_PRIVATE_EXTERN = NO;
				GCC_WARN_64_TO_32_BIT_CONVERSION = YES;
				GCC_WARN_ABOUT_RETURN_TYPE = YES_ERROR;
				GCC_WARN_UNDECLARED_SELECTOR = YES;
				GCC_WARN_UNINITIALIZED_AUTOS = YES_AGGRESSIVE;
				GCC_WARN_UNUSED_FUNCTION = YES;
				GCC_WARN_UNUSED_VARIABLE = YES;
				IPHONEOS_DEPLOYMENT_TARGET = 7.1;
				ONLY_ACTIVE_ARCH = YES;
				SDKROOT = iphoneos;
				TARGETED_DEVICE_FAMILY = "1,2";
			};
			name = Debug;
		};
		362B330819ACC62200EEA193 /* Release */ = {
			isa = XCBuildConfiguration;
			buildSettings = {
				ALWAYS_SEARCH_USER_PATHS = NO;
				CLANG_CXX_LANGUAGE_STANDARD = "gnu++0x";
				CLANG_CXX_LIBRARY = "libc++";
				CLANG_ENABLE_MODULES = YES;
				CLANG_ENABLE_OBJC_ARC = YES;
				CLANG_WARN_BOOL_CONVERSION = YES;
				CLANG_WARN_CONSTANT_CONVERSION = YES;
				CLANG_WARN_DIRECT_OBJC_ISA_USAGE = YES_ERROR;
				CLANG_WARN_EMPTY_BODY = YES;
				CLANG_WARN_ENUM_CONVERSION = YES;
				CLANG_WARN_INT_CONVERSION = YES;
				CLANG_WARN_OBJC_ROOT_CLASS = YES_ERROR;
				CLANG_WARN__DUPLICATE_METHOD_MATCH = YES;
				"CODE_SIGN_IDENTITY[sdk=iphoneos*]" = "iPhone Developer";
				COPY_PHASE_STRIP = YES;
				ENABLE_NS_ASSERTIONS = NO;
				GCC_C_LANGUAGE_STANDARD = gnu99;
				GCC_WARN_64_TO_32_BIT_CONVERSION = YES;
				GCC_WARN_ABOUT_RETURN_TYPE = YES_ERROR;
				GCC_WARN_UNDECLARED_SELECTOR = YES;
				GCC_WARN_UNINITIALIZED_AUTOS = YES_AGGRESSIVE;
				GCC_WARN_UNUSED_FUNCTION = YES;
				GCC_WARN_UNUSED_VARIABLE = YES;
				IPHONEOS_DEPLOYMENT_TARGET = 7.1;
				SDKROOT = iphoneos;
				TARGETED_DEVICE_FAMILY = "1,2";
				VALIDATE_PRODUCT = YES;
			};
			name = Release;
		};
		362B330A19ACC62200EEA193 /* Debug */ = {
			isa = XCBuildConfiguration;
			buildSettings = {
				ASSETCATALOG_COMPILER_APPICON_NAME = AppIcon;
				ASSETCATALOG_COMPILER_LAUNCHIMAGE_NAME = LaunchImage;
				GCC_PRECOMPILE_PREFIX_HEADER = YES;
				GCC_PREFIX_HEADER = "Sheep/SleepySheepy-Prefix.pch";
				INFOPLIST_FILE = "Sheep/SleepySheepy-Info.plist";
				PRODUCT_NAME = SleepySheepy;
				WRAPPER_EXTENSION = app;
			};
			name = Debug;
		};
		362B330B19ACC62200EEA193 /* Release */ = {
			isa = XCBuildConfiguration;
			buildSettings = {
				ASSETCATALOG_COMPILER_APPICON_NAME = AppIcon;
				ASSETCATALOG_COMPILER_LAUNCHIMAGE_NAME = LaunchImage;
				GCC_PRECOMPILE_PREFIX_HEADER = YES;
				GCC_PREFIX_HEADER = "Sheep/SleepySheepy-Prefix.pch";
				INFOPLIST_FILE = "Sheep/SleepySheepy-Info.plist";
				PRODUCT_NAME = SleepySheepy;
				WRAPPER_EXTENSION = app;
			};
			name = Release;
		};
		362B330D19ACC62200EEA193 /* Debug */ = {
			isa = XCBuildConfiguration;
			buildSettings = {
				BUNDLE_LOADER = "$(BUILT_PRODUCTS_DIR)/Sheep.app/Sheep";
				FRAMEWORK_SEARCH_PATHS = (
					"$(SDKROOT)/Developer/Library/Frameworks",
					"$(inherited)",
					"$(DEVELOPER_FRAMEWORKS_DIR)",
				);
				GCC_PRECOMPILE_PREFIX_HEADER = YES;
				GCC_PREFIX_HEADER = "Sheep/Sheep-Prefix.pch";
				GCC_PREPROCESSOR_DEFINITIONS = (
					"DEBUG=1",
					"$(inherited)",
				);
				INFOPLIST_FILE = "SheepTests/SleepySheepyTests-Info.plist";
				PRODUCT_NAME = SleepySheepyTests;
				TEST_HOST = "$(BUNDLE_LOADER)";
				WRAPPER_EXTENSION = xctest;
			};
			name = Debug;
		};
		362B330E19ACC62200EEA193 /* Release */ = {
			isa = XCBuildConfiguration;
			buildSettings = {
				BUNDLE_LOADER = "$(BUILT_PRODUCTS_DIR)/Sheep.app/Sheep";
				FRAMEWORK_SEARCH_PATHS = (
					"$(SDKROOT)/Developer/Library/Frameworks",
					"$(inherited)",
					"$(DEVELOPER_FRAMEWORKS_DIR)",
				);
				GCC_PRECOMPILE_PREFIX_HEADER = YES;
				GCC_PREFIX_HEADER = "Sheep/Sheep-Prefix.pch";
				INFOPLIST_FILE = "SheepTests/SleepySheepyTests-Info.plist";
				PRODUCT_NAME = SleepySheepyTests;
				TEST_HOST = "$(BUNDLE_LOADER)";
				WRAPPER_EXTENSION = xctest;
			};
			name = Release;
		};
/* End XCBuildConfiguration section */

/* Begin XCConfigurationList section */
		362B32CF19ACC62100EEA193 /* Build configuration list for PBXProject "SleepySheepy" */ = {
			isa = XCConfigurationList;
			buildConfigurations = (
				362B330719ACC62200EEA193 /* Debug */,
				362B330819ACC62200EEA193 /* Release */,
			);
			defaultConfigurationIsVisible = 0;
			defaultConfigurationName = Release;
		};
		362B330919ACC62200EEA193 /* Build configuration list for PBXNativeTarget "SleepySheepy" */ = {
			isa = XCConfigurationList;
			buildConfigurations = (
				362B330A19ACC62200EEA193 /* Debug */,
				362B330B19ACC62200EEA193 /* Release */,
			);
			defaultConfigurationIsVisible = 0;
			defaultConfigurationName = Release;
		};
		362B330C19ACC62200EEA193 /* Build configuration list for PBXNativeTarget "SleepySheepyTests" */ = {
			isa = XCConfigurationList;
			buildConfigurations = (
				362B330D19ACC62200EEA193 /* Debug */,
				362B330E19ACC62200EEA193 /* Release */,
			);
			defaultConfigurationIsVisible = 0;
			defaultConfigurationName = Release;
		};
/* End XCConfigurationList section */
	};
	rootObject = 362B32CC19ACC62100EEA193 /* Project object */;
}
